
Microsoft Visual Studio Solution File, Format Version 12.00
# Visual Studio 15
VisualStudioVersion = 15.0.28010.2036
MinimumVisualStudioVersion = 10.0.40219.1
Project("{FAE04EC0-301F-11D3-BF4B-00C04F79EFBC}") = "SunSD", "SunSD\SunSD.csproj", "{EFA4178C-02A3-4055-BCAA-C7F9E4EF6C76}"
EndProject
Project("{FAE04EC0-301F-11D3-BF4B-00C04F79EFBC}") = "ServiceLayer", "ServiceLayer\ServiceLayer.csproj", "{C9C8456E-FC1B-4CA2-AD5E-708E74C122C6}"
EndProject
Global
	GlobalSection(SolutionConfigurationPlatforms) = preSolution
		Debug|Any CPU = Debug|Any CPU
		Release|Any CPU = Release|Any CPU
	EndGlobalSection
	GlobalSection(ProjectConfigurationPlatforms) = postSolution
		{EFA4178C-02A3-4055-BCAA-C7F9E4EF6C76}.Debug|Any CPU.ActiveCfg = Debug|Any CPU
		{EFA4178C-02A3-4055-BCAA-C7F9E4EF6C76}.Debug|Any CPU.Build.0 = Debug|Any CPU
		{EFA4178C-02A3-4055-BCAA-C7F9E4EF6C76}.Release|Any CPU.ActiveCfg = Release|Any CPU
		{EFA4178C-02A3-4055-BCAA-C7F9E4EF6C76}.Release|Any CPU.Build.0 = Release|Any CPU
		{C9C8456E-FC1B-4CA2-AD5E-708E74C122C6}.Debug|Any CPU.ActiveCfg = Debug|Any CPU
		{C9C8456E-FC1B-4CA2-AD5E-708E74C122C6}.Debug|Any CPU.Build.0 = Debug|Any CPU
		{C9C8456E-FC1B-4CA2-AD5E-708E74C122C6}.Release|Any CPU.ActiveCfg = Release|Any CPU
		{C9C8456E-FC1B-4CA2-AD5E-708E74C122C6}.Release|Any CPU.Build.0 = Release|Any CPU
	EndGlobalSection
	GlobalSection(SolutionProperties) = preSolution
		HideSolutionNode = FALSE
	EndGlobalSection
	GlobalSection(ExtensibilityGlobals) = postSolution
		SolutionGuid = {6BA718CA-2B90-44C9-999B-DA4F142D47A2}
	EndGlobalSection
EndGlobal
