
Microsoft Visual Studio Solution File, Format Version 12.00
# Visual Studio 15
VisualStudioVersion = 15.0.28010.2036
MinimumVisualStudioVersion = 10.0.40219.1
Project("{FAE04EC0-301F-11D3-BF4B-00C04F79EFBC}") = "SunSD", "SunSD\SunSD.csproj", "{4CAA566E-F714-4E18-BC42-5799CF58A6E8}"
EndProject
Project("{FAE04EC0-301F-11D3-BF4B-00C04F79EFBC}") = "ServiceLayers", "ServiceLayers\ServiceLayers.csproj", "{90056E4B-D225-4336-A351-98FCF64D95A9}"
EndProject
Global
	GlobalSection(SolutionConfigurationPlatforms) = preSolution
		Debug|Any CPU = Debug|Any CPU
		Release|Any CPU = Release|Any CPU
	EndGlobalSection
	GlobalSection(ProjectConfigurationPlatforms) = postSolution
		{4CAA566E-F714-4E18-BC42-5799CF58A6E8}.Debug|Any CPU.ActiveCfg = Debug|Any CPU
		{4CAA566E-F714-4E18-BC42-5799CF58A6E8}.Debug|Any CPU.Build.0 = Debug|Any CPU
		{4CAA566E-F714-4E18-BC42-5799CF58A6E8}.Release|Any CPU.ActiveCfg = Release|Any CPU
		{4CAA566E-F714-4E18-BC42-5799CF58A6E8}.Release|Any CPU.Build.0 = Release|Any CPU
		{90056E4B-D225-4336-A351-98FCF64D95A9}.Debug|Any CPU.ActiveCfg = Debug|Any CPU
		{90056E4B-D225-4336-A351-98FCF64D95A9}.Debug|Any CPU.Build.0 = Debug|Any CPU
		{90056E4B-D225-4336-A351-98FCF64D95A9}.Release|Any CPU.ActiveCfg = Release|Any CPU
		{90056E4B-D225-4336-A351-98FCF64D95A9}.Release|Any CPU.Build.0 = Release|Any CPU
	EndGlobalSection
	GlobalSection(SolutionProperties) = preSolution
		HideSolutionNode = FALSE
	EndGlobalSection
	GlobalSection(ExtensibilityGlobals) = postSolution
		SolutionGuid = {04434793-1564-4BCF-A88D-A4EFDF2C26AC}
	EndGlobalSection
EndGlobal
